
Microsoft Visual Studio Solution File, Format Version 12.00
# Visual Studio Version 16
VisualStudioVersion = 16.0.31205.134
MinimumVisualStudioVersion = 10.0.40219.1
Project("{FAE04EC0-301F-11D3-BF4B-00C04F79EFBC}") = "PlaneTicketReservationSystem", "PlaneTicketReservationSystem\PlaneTicketReservationSystem.csproj", "{F68ABCDD-88A7-420E-9F3D-120ACFCB9249}"
EndProject
Project("{FAE04EC0-301F-11D3-BF4B-00C04F79EFBC}") = "BusinessLogicLayer", "BusinessLogicLayer\BusinessLogicLayer.csproj", "{3A7DED4D-C7D8-47F3-845F-F114E053EE67}"
EndProject
Project("{FAE04EC0-301F-11D3-BF4B-00C04F79EFBC}") = "DataAccessLayer", "DataAccessLayer\DataAccessLayer.csproj", "{11D47455-20B9-421B-99D1-87C5B9413309}"
EndProject
Global
	GlobalSection(SolutionConfigurationPlatforms) = preSolution
		Debug|Any CPU = Debug|Any CPU
		Release|Any CPU = Release|Any CPU
	EndGlobalSection
	GlobalSection(ProjectConfigurationPlatforms) = postSolution
		{F68ABCDD-88A7-420E-9F3D-120ACFCB9249}.Debug|Any CPU.ActiveCfg = Debug|Any CPU
		{F68ABCDD-88A7-420E-9F3D-120ACFCB9249}.Debug|Any CPU.Build.0 = Debug|Any CPU
		{F68ABCDD-88A7-420E-9F3D-120ACFCB9249}.Release|Any CPU.ActiveCfg = Release|Any CPU
		{F68ABCDD-88A7-420E-9F3D-120ACFCB9249}.Release|Any CPU.Build.0 = Release|Any CPU
		{3A7DED4D-C7D8-47F3-845F-F114E053EE67}.Debug|Any CPU.ActiveCfg = Debug|Any CPU
		{3A7DED4D-C7D8-47F3-845F-F114E053EE67}.Debug|Any CPU.Build.0 = Debug|Any CPU
		{3A7DED4D-C7D8-47F3-845F-F114E053EE67}.Release|Any CPU.ActiveCfg = Release|Any CPU
		{3A7DED4D-C7D8-47F3-845F-F114E053EE67}.Release|Any CPU.Build.0 = Release|Any CPU
		{11D47455-20B9-421B-99D1-87C5B9413309}.Debug|Any CPU.ActiveCfg = Debug|Any CPU
		{11D47455-20B9-421B-99D1-87C5B9413309}.Debug|Any CPU.Build.0 = Debug|Any CPU
		{11D47455-20B9-421B-99D1-87C5B9413309}.Release|Any CPU.ActiveCfg = Release|Any CPU
		{11D47455-20B9-421B-99D1-87C5B9413309}.Release|Any CPU.Build.0 = Release|Any CPU
	EndGlobalSection
	GlobalSection(SolutionProperties) = preSolution
		HideSolutionNode = FALSE
	EndGlobalSection
	GlobalSection(ExtensibilityGlobals) = postSolution
		SolutionGuid = {CD707605-1BFC-4558-BD28-1816342ABAF5}
	EndGlobalSection
EndGlobal
